{
  "nodes": {
    "nixpkgs": {
      "locked": {
        "lastModified": 1625866660,
        "narHash": "sha256-ov5RPC0J69Hob3Na+UPX6d40OviXKBlbJkhuwfKi+gI=",
        "owner": "NixOS",
        "repo": "nixpkgs",
        "rev": "a0005de253a11840fa7eeb76493535053bb49024",
        "type": "github"
      },
      "original": {
        "owner": "NixOS",
        "repo": "nixpkgs",
        "type": "github"
      }
    },
    "root": {
      "inputs": {
        "nixpkgs": "nixpkgs"
      }
    }
  },
  "root": "root",
  "version": 7
}
